
Microsoft Visual Studio Solution File, Format Version 12.00
# Visual Studio Version 17
VisualStudioVersion = 17.3.32901.215
MinimumVisualStudioVersion = 10.0.40219.1
Project("{FAE04EC0-301F-11D3-BF4B-00C04F79EFBC}") = "WindowsFormsApp1", "WindowsFormsApp1\WindowsFormsApp1.csproj", "{0104E408-0881-4269-B099-BE1052D22CBB}"
EndProject
Global
	GlobalSection(SolutionConfigurationPlatforms) = preSolution
		Debug|Any CPU = Debug|Any CPU
		Release|Any CPU = Release|Any CPU
	EndGlobalSection
	GlobalSection(ProjectConfigurationPlatforms) = postSolution
		{0104E408-0881-4269-B099-BE1052D22CBB}.Debug|Any CPU.ActiveCfg = Debug|Any CPU
		{0104E408-0881-4269-B099-BE1052D22CBB}.Debug|Any CPU.Build.0 = Debug|Any CPU
		{0104E408-0881-4269-B099-BE1052D22CBB}.Release|Any CPU.ActiveCfg = Release|Any CPU
		{0104E408-0881-4269-B099-BE1052D22CBB}.Release|Any CPU.Build.0 = Release|Any CPU
	EndGlobalSection
	GlobalSection(SolutionProperties) = preSolution
		HideSolutionNode = FALSE
	EndGlobalSection
	GlobalSection(ExtensibilityGlobals) = postSolution
		SolutionGuid = {2ECFAC04-7E61-46AD-8C04-9B5EC84B75B4}
	EndGlobalSection
EndGlobal
